{"_meta":{"file-type":"spack-lockfile","lockfile-version":5,"specfile-version":4},"spack":{"version":"0.23.0","type":"release"},"roots":[{"hash":"3sgvl5oo75xpzi5trmkiiwkpyv2vpsty","spec":"nextflow@24.10.0"}],"concrete_specs":{"3sgvl5oo75xpzi5trmkiiwkpyv2vpsty":{"name":"nextflow","version":"24.10.0","arch":{"platform":"darwin","platform_os":"sequoia","target":{"name":"m2","vendor":"Apple","features":["aes","asimd","asimddp","asimdfhm","asimdhp","asimdrdm","atomics","bf16","bti","cpuid","crc32","dcpodp","dcpop","dit","ecv","evtstrm","fcma","flagm","flagm2","fp","fphp","frint","i8mm","ilrcpc","jscvt","lrcpc","paca","pacg","pmull","sb","sha1","sha2","sha3","sha512","ssbs","uscat"],"generation":0,"parents":["m1","armv8.5a"],"cpupart":"0x032"}},"compiler":{"name":"apple-clang","version":"16.0.0"},"namespace":"builtin","parameters":{"build_system":"generic","cflags":[],"cppflags":[],"cxxflags":[],"fflags":[],"ldflags":[],"ldlibs":[]},"package_hash":"nfmeea6zznwfgowaqculmbl2nqdkk2uy6kuc7ttgehavkrghmy4a====","dependencies":[{"name":"openjdk","hash":"kyri6paki4a52vbxr5t7as5kelzkcgbd","parameters":{"deptypes":["run"],"virtuals":["java"]}}],"hash":"3sgvl5oo75xpzi5trmkiiwkpyv2vpsty"},"kyri6paki4a52vbxr5t7as5kelzkcgbd":{"name":"openjdk","version":"17.0.11_9","arch":{"platform":"darwin","platform_os":"sequoia","target":{"name":"m2","vendor":"Apple","features":["aes","asimd","asimddp","asimdfhm","asimdhp","asimdrdm","atomics","bf16","bti","cpuid","crc32","dcpodp","dcpop","dit","ecv","evtstrm","fcma","flagm","flagm2","fp","fphp","frint","i8mm","ilrcpc","jscvt","lrcpc","paca","pacg","pmull","sb","sha1","sha2","sha3","sha512","ssbs","uscat"],"generation":0,"parents":["m1","armv8.5a"],"cpupart":"0x032"}},"compiler":{"name":"apple-clang","version":"16.0.0"},"namespace":"builtin","parameters":{"build_system":"generic","certs":"none","cflags":[],"cppflags":[],"cxxflags":[],"fflags":[],"ldflags":[],"ldlibs":[]},"package_hash":"tnycfntlusuyvqfgtmsqrmogfmt5vdy7s6bk74yf7rdgybu4di2q====","hash":"kyri6paki4a52vbxr5t7as5kelzkcgbd"}}}