version: 6
environments:
  default:
    channels:
    - url: https://conda.anaconda.org/conda-forge/
    - url: https://conda.anaconda.org/bioconda/
    packages:
      osx-arm64:
      - conda: https://conda.anaconda.org/conda-forge/osx-arm64/bc-1.07.1-h3422bc3_0.tar.bz2
      - conda: https://conda.anaconda.org/conda-forge/osx-arm64/bzip2-1.0.8-h99b78c6_7.conda
      - conda: https://conda.anaconda.org/conda-forge/osx-arm64/c-ares-1.34.5-h5505292_0.conda
      - conda: https://conda.anaconda.org/conda-forge/noarch/ca-certificates-2025.6.15-hbd8a1cb_0.conda
      - conda: https://conda.anaconda.org/conda-forge/osx-arm64/coreutils-9.1-h1c322ee_0.tar.bz2
      - conda: https://conda.anaconda.org/conda-forge/osx-arm64/curl-8.14.1-h73640d1_0.conda
      - conda: https://conda.anaconda.org/bioconda/noarch/fastqc-0.12.1-hdfd78af_0.tar.bz2
      - conda: https://conda.anaconda.org/conda-forge/noarch/font-ttf-dejavu-sans-mono-2.37-hab24e00_0.tar.bz2
      - conda: https://conda.anaconda.org/conda-forge/osx-arm64/fontconfig-2.15.0-h1383a14_1.conda
      - conda: https://conda.anaconda.org/conda-forge/osx-arm64/freetype-2.13.3-hce30654_1.conda
      - conda: https://conda.anaconda.org/bioconda/osx-arm64/htslib-1.21-hfcd771d_1.tar.bz2
      - conda: https://conda.anaconda.org/conda-forge/osx-arm64/krb5-1.21.3-h237132a_0.conda
      - conda: https://conda.anaconda.org/conda-forge/osx-arm64/libcurl-8.14.1-h73640d1_0.conda
      - conda: https://conda.anaconda.org/conda-forge/osx-arm64/libcxx-20.1.7-ha82da77_0.conda
      - conda: https://conda.anaconda.org/conda-forge/osx-arm64/libdeflate-1.22-hd74edd7_0.conda
      - conda: https://conda.anaconda.org/conda-forge/osx-arm64/libedit-3.1.20250104-pl5321hafb1f1b_0.conda
      - conda: https://conda.anaconda.org/conda-forge/osx-arm64/libev-4.33-h93a5062_2.conda
      - conda: https://conda.anaconda.org/conda-forge/osx-arm64/libexpat-2.7.0-h286801f_0.conda
      - conda: https://conda.anaconda.org/conda-forge/osx-arm64/libffi-3.4.6-h1da3d7d_1.conda
      - conda: https://conda.anaconda.org/conda-forge/osx-arm64/libfreetype-2.13.3-hce30654_1.conda
      - conda: https://conda.anaconda.org/conda-forge/osx-arm64/libfreetype6-2.13.3-h1d14073_1.conda
      - conda: https://conda.anaconda.org/conda-forge/osx-arm64/liblzma-5.8.1-h39f12f2_2.conda
      - conda: https://conda.anaconda.org/conda-forge/osx-arm64/liblzma-devel-5.8.1-h39f12f2_2.conda
      - conda: https://conda.anaconda.org/conda-forge/osx-arm64/libnghttp2-1.64.0-h6d7220d_0.conda
      - conda: https://conda.anaconda.org/conda-forge/osx-arm64/libpng-1.6.49-h3783ad8_0.conda
      - conda: https://conda.anaconda.org/conda-forge/osx-arm64/libsqlite-3.50.1-h6fb428d_6.conda
      - conda: https://conda.anaconda.org/conda-forge/osx-arm64/libssh2-1.11.1-h1590b86_0.conda
      - conda: https://conda.anaconda.org/conda-forge/osx-arm64/libzlib-1.3.1-h8359307_2.conda
      - conda: https://conda.anaconda.org/conda-forge/osx-arm64/llvm-openmp-20.1.7-hdb05f8b_0.conda
      - conda: https://conda.anaconda.org/conda-forge/osx-arm64/ncurses-6.5-h5e97a16_3.conda
      - conda: https://conda.anaconda.org/bioconda/noarch/nextflow-25.04.4-h2a3209d_0.tar.bz2
      - conda: https://conda.anaconda.org/conda-forge/osx-arm64/openjdk-17.0.11-h8f67a1f_1.conda
      - conda: https://conda.anaconda.org/conda-forge/osx-arm64/openssl-3.5.0-h81ee809_1.conda
      - conda: https://conda.anaconda.org/conda-forge/osx-arm64/perl-5.32.1-7_h4614cfb_perl5.conda
      - conda: https://conda.anaconda.org/conda-forge/osx-arm64/python-3.12.0-h47c9636_0_cpython.conda
      - conda: https://conda.anaconda.org/conda-forge/osx-arm64/readline-8.2-h1d1bf99_2.conda
      - conda: https://conda.anaconda.org/bioconda/osx-arm64/star-2.7.11b-haf7d672_6.tar.bz2
      - conda: https://conda.anaconda.org/conda-forge/osx-arm64/tk-8.6.13-h892fb3f_2.conda
      - conda: https://conda.anaconda.org/conda-forge/osx-arm64/tree-2.2.1-h5505292_0.conda
      - conda: https://conda.anaconda.org/conda-forge/noarch/tzdata-2025b-h78e105d_0.conda
      - conda: https://conda.anaconda.org/conda-forge/osx-arm64/xz-5.8.1-h9a6d368_2.conda
      - conda: https://conda.anaconda.org/conda-forge/osx-arm64/xz-gpl-tools-5.8.1-h9a6d368_2.conda
      - conda: https://conda.anaconda.org/conda-forge/osx-arm64/xz-tools-5.8.1-h39f12f2_2.conda
      - conda: https://conda.anaconda.org/conda-forge/osx-arm64/zstd-1.5.7-h6491c7d_2.conda
packages:
- conda: https://conda.anaconda.org/conda-forge/osx-arm64/bc-1.07.1-h3422bc3_0.tar.bz2
  sha256: 9f9133db0793a18503545189c0a5427defe327cb15f639701f823da3c5956f64
  md5: 9f85ef21eae7d25fa70e4c69b24b905c
  license: GPL-3.0-or-later
  license_family: GPL
  size: 109675
  timestamp: 1631974807434
- conda: https://conda.anaconda.org/conda-forge/osx-arm64/bzip2-1.0.8-h99b78c6_7.conda
  sha256: adfa71f158cbd872a36394c56c3568e6034aa55c623634b37a4836bd036e6b91
  md5: fc6948412dbbbe9a4c9ddbbcfe0a79ab
  depends:
  - __osx >=11.0
  license: bzip2-1.0.6
  license_family: BSD
  size: 122909
  timestamp: 1720974522888
- conda: https://conda.anaconda.org/conda-forge/osx-arm64/c-ares-1.34.5-h5505292_0.conda
  sha256: b4bb55d0806e41ffef94d0e3f3c97531f322b3cb0ca1f7cdf8e47f62538b7a2b
  md5: f8cd1beb98240c7edb1a95883360ccfa
  depends:
  - __osx >=11.0
  license: MIT
  license_family: MIT
  size: 179696
  timestamp: 1744128058734
- conda: https://conda.anaconda.org/conda-forge/noarch/ca-certificates-2025.6.15-hbd8a1cb_0.conda
  sha256: 7cfec9804c84844ea544d98bda1d9121672b66ff7149141b8415ca42dfcd44f6
  md5: 72525f07d72806e3b639ad4504c30ce5
  depends:
  - __unix
  license: ISC
  size: 151069
  timestamp: 1749990087500
- conda: https://conda.anaconda.org/conda-forge/osx-arm64/coreutils-9.1-h1c322ee_0.tar.bz2
  sha256: d3d62f15caa21db27f68e516e7ffb80be510c3a891cd6cdb0ad1dc74a34b8352
  md5: 0d93b16976336866611af607bc042d8e
  license: GPL-3.0-or-later
  license_family: GPL
  size: 2456003
  timestamp: 1650076065172
- conda: https://conda.anaconda.org/conda-forge/osx-arm64/curl-8.14.1-h73640d1_0.conda
  sha256: fe0e505dc62632bb25bbe43ee03dc9837ca09d9bb48ac87a4e03ecbc1801e3cf
  md5: b61b498cc3913fe6e649c7e1107b6bc1
  depends:
  - __osx >=11.0
  - krb5 >=1.21.3,<1.22.0a0
  - libcurl 8.14.1 h73640d1_0
  - libssh2 >=1.11.1,<2.0a0
  - libzlib >=1.3.1,<2.0a0
  - openssl >=3.5.0,<4.0a0
  - zstd >=1.5.7,<1.6.0a0
  license: curl
  license_family: MIT
  size: 168574
  timestamp: 1749033351449
- conda: https://conda.anaconda.org/bioconda/noarch/fastqc-0.12.1-hdfd78af_0.tar.bz2
  sha256: 7cc26225d590540ae95cd24940ff42f2da7479dd4cd22ae9ab9298665d06790c
  md5: c9f6a4b12229f7331f79c9a00dd6e240
  depends:
  - font-ttf-dejavu-sans-mono
  - fontconfig
  - openjdk >=8.0.144
  - perl
  license: GPL >=3
  size: 11664291
  timestamp: 1677946722445
- conda: https://conda.anaconda.org/conda-forge/noarch/font-ttf-dejavu-sans-mono-2.37-hab24e00_0.tar.bz2
  sha256: 58d7f40d2940dd0a8aa28651239adbf5613254df0f75789919c4e6762054403b
  md5: 0c96522c6bdaed4b1566d11387caaf45
  license: BSD-3-Clause
  license_family: BSD
  size: 397370
  timestamp: 1566932522327
- conda: https://conda.anaconda.org/conda-forge/osx-arm64/fontconfig-2.15.0-h1383a14_1.conda
  sha256: f79d3d816fafbd6a2b0f75ebc3251a30d3294b08af9bb747194121f5efa364bc
  md5: 7b29f48742cea5d1ccb5edd839cb5621
  depends:
  - __osx >=11.0
  - freetype >=2.12.1,<3.0a0
  - libexpat >=2.6.3,<3.0a0
  - libzlib >=1.3.1,<2.0a0
  license: MIT
  license_family: MIT
  size: 234227
  timestamp: 1730284037572
- conda: https://conda.anaconda.org/conda-forge/osx-arm64/freetype-2.13.3-hce30654_1.conda
  sha256: 6b63c72ea51a41d41964841404564c0729fdddd3e952e2715839fd759b7cfdfc
  md5: e684de4644067f1956a580097502bf03
  depends:
  - libfreetype 2.13.3 hce30654_1
  - libfreetype6 2.13.3 h1d14073_1
  license: GPL-2.0-only OR FTL
  size: 172220
  timestamp: 1745370149658
- conda: https://conda.anaconda.org/bioconda/osx-arm64/htslib-1.21-hfcd771d_1.tar.bz2
  sha256: e4a781a206b5f20ccb40c1bf7ce3037c17cf00025e7855ad9ff764cb6ae8ea5f
  md5: 263b60769fefe493647c7490d814fce1
  depends:
  - bzip2 >=1.0.8,<2.0a0
  - libcurl >=8.10.1,<9.0a0
  - libdeflate >=1.22,<1.23.0a0
  - liblzma >=5.6.3,<6.0a0
  - libzlib >=1.3.1,<2.0a0
  license: MIT
  license_family: MIT
  size: 2568841
  timestamp: 1733851781562
- conda: https://conda.anaconda.org/conda-forge/osx-arm64/krb5-1.21.3-h237132a_0.conda
  sha256: 4442f957c3c77d69d9da3521268cad5d54c9033f1a73f99cde0a3658937b159b
  md5: c6dc8a0fdec13a0565936655c33069a1
  depends:
  - __osx >=11.0
  - libcxx >=16
  - libedit >=3.1.20191231,<3.2.0a0
  - libedit >=3.1.20191231,<4.0a0
  - openssl >=3.3.1,<4.0a0
  license: MIT
  license_family: MIT
  size: 1155530
  timestamp: 1719463474401
- conda: https://conda.anaconda.org/conda-forge/osx-arm64/libcurl-8.14.1-h73640d1_0.conda
  sha256: 0055b68137309db41ec34c938d95aec71d1f81bd9d998d5be18f32320c3ccba0
  md5: 1af57c823803941dfc97305248a56d57
  depends:
  - __osx >=11.0
  - krb5 >=1.21.3,<1.22.0a0
  - libnghttp2 >=1.64.0,<2.0a0
  - libssh2 >=1.11.1,<2.0a0
  - libzlib >=1.3.1,<2.0a0
  - openssl >=3.5.0,<4.0a0
  - zstd >=1.5.7,<1.6.0a0
  license: curl
  license_family: MIT
  size: 403456
  timestamp: 1749033320430
- conda: https://conda.anaconda.org/conda-forge/osx-arm64/libcxx-20.1.7-ha82da77_0.conda
  sha256: a3fd34773f1252a4f089e74a075ff5f0f6b878aede097e83a405f35687c36f24
  md5: 881de227abdddbe596239fa9e82eb3ab
  depends:
  - __osx >=11.0
  license: Apache-2.0 WITH LLVM-exception
  license_family: Apache
  size: 567189
  timestamp: 1749847129529
- conda: https://conda.anaconda.org/conda-forge/osx-arm64/libdeflate-1.22-hd74edd7_0.conda
  sha256: 3552894ca62bebc33d05982937cda25a4fa19e56a82af2ff20944ff4c2532fda
  md5: 2d3e3f3d8ab315748420ef58d5a3ae0f
  depends:
  - __osx >=11.0
  license: MIT
  license_family: MIT
  size: 54089
  timestamp: 1728177149927
- conda: https://conda.anaconda.org/conda-forge/osx-arm64/libedit-3.1.20250104-pl5321hafb1f1b_0.conda
  sha256: 66aa216a403de0bb0c1340a88d1a06adaff66bae2cfd196731aa24db9859d631
  md5: 44083d2d2c2025afca315c7a172eab2b
  depends:
  - ncurses
  - __osx >=11.0
  - ncurses >=6.5,<7.0a0
  license: BSD-2-Clause
  license_family: BSD
  size: 107691
  timestamp: 1738479560845
- conda: https://conda.anaconda.org/conda-forge/osx-arm64/libev-4.33-h93a5062_2.conda
  sha256: 95cecb3902fbe0399c3a7e67a5bed1db813e5ab0e22f4023a5e0f722f2cc214f
  md5: 36d33e440c31857372a72137f78bacf5
  license: BSD-2-Clause
  license_family: BSD
  size: 107458
  timestamp: 1702146414478
- conda: https://conda.anaconda.org/conda-forge/osx-arm64/libexpat-2.7.0-h286801f_0.conda
  sha256: ee550e44765a7bbcb2a0216c063dcd53ac914a7be5386dd0554bd06e6be61840
  md5: 6934bbb74380e045741eb8637641a65b
  depends:
  - __osx >=11.0
  constrains:
  - expat 2.7.0.*
  license: MIT
  license_family: MIT
  size: 65714
  timestamp: 1743431789879
- conda: https://conda.anaconda.org/conda-forge/osx-arm64/libffi-3.4.6-h1da3d7d_1.conda
  sha256: c6a530924a9b14e193ea9adfe92843de2a806d1b7dbfd341546ece9653129e60
  md5: c215a60c2935b517dcda8cad4705734d
  depends:
  - __osx >=11.0
  license: MIT
  license_family: MIT
  size: 39839
  timestamp: 1743434670405
- conda: https://conda.anaconda.org/conda-forge/osx-arm64/libfreetype-2.13.3-hce30654_1.conda
  sha256: 1f8c16703fe333cdc2639f7cdaf677ac2120843453222944a7c6c85ec342903c
  md5: d06282e08e55b752627a707d58779b8f
  depends:
  - libfreetype6 >=2.13.3
  license: GPL-2.0-only OR FTL
  size: 7813
  timestamp: 1745370144506
- conda: https://conda.anaconda.org/conda-forge/osx-arm64/libfreetype6-2.13.3-h1d14073_1.conda
  sha256: c278df049b1a071841aa0aca140a338d087ea594e07dcf8a871d2cfe0e330e75
  md5: b163d446c55872ef60530231879908b9
  depends:
  - __osx >=11.0
  - libpng >=1.6.47,<1.7.0a0
  - libzlib >=1.3.1,<2.0a0
  constrains:
  - freetype >=2.13.3
  license: GPL-2.0-only OR FTL
  size: 333529
  timestamp: 1745370142848
- conda: https://conda.anaconda.org/conda-forge/osx-arm64/liblzma-5.8.1-h39f12f2_2.conda
  sha256: 0cb92a9e026e7bd4842f410a5c5c665c89b2eb97794ffddba519a626b8ce7285
  md5: d6df911d4564d77c4374b02552cb17d1
  depends:
  - __osx >=11.0
  constrains:
  - xz 5.8.1.*
  license: 0BSD
  size: 92286
  timestamp: 1749230283517
- conda: https://conda.anaconda.org/conda-forge/osx-arm64/liblzma-devel-5.8.1-h39f12f2_2.conda
  sha256: 974804430e24f0b00f3a48b67ec10c9f5441c9bb3d82cc0af51ba45b8a75a241
  md5: 1201137f1a5ec9556032ffc04dcdde8d
  depends:
  - __osx >=11.0
  - liblzma 5.8.1 h39f12f2_2
  license: 0BSD
  size: 116244
  timestamp: 1749230297170
- conda: https://conda.anaconda.org/conda-forge/osx-arm64/libnghttp2-1.64.0-h6d7220d_0.conda
  sha256: 00cc685824f39f51be5233b54e19f45abd60de5d8847f1a56906f8936648b72f
  md5: 3408c02539cee5f1141f9f11450b6a51
  depends:
  - __osx >=11.0
  - c-ares >=1.34.2,<2.0a0
  - libcxx >=17
  - libev >=4.33,<4.34.0a0
  - libev >=4.33,<5.0a0
  - libzlib >=1.3.1,<2.0a0
  - openssl >=3.3.2,<4.0a0
  license: MIT
  license_family: MIT
  size: 566719
  timestamp: 1729572385640
- conda: https://conda.anaconda.org/conda-forge/osx-arm64/libpng-1.6.49-h3783ad8_0.conda
  sha256: b1050f6da51de507eec6902367cc2a3f381dd548eaaccb85673784543dcdee1a
  md5: 90be56ffd1a6b1950268f88c12e17c69
  depends:
  - __osx >=11.0
  - libzlib >=1.3.1,<2.0a0
  license: zlib-acknowledgement
  size: 259291
  timestamp: 1750095759683
- conda: https://conda.anaconda.org/conda-forge/osx-arm64/libsqlite-3.50.1-h6fb428d_6.conda
  sha256: d387ae97b2223e2bd350a1046d9471b86bdfce5b2ff1aef09ceece1171c544ab
  md5: ef49edd0ec42a5de40ed95bf5ee2f246
  depends:
  - __osx >=11.0
  - libzlib >=1.3.1,<2.0a0
  license: Unlicense
  size: 901338
  timestamp: 1750689172113
- conda: https://conda.anaconda.org/conda-forge/osx-arm64/libssh2-1.11.1-h1590b86_0.conda
  sha256: 8bfe837221390ffc6f111ecca24fa12d4a6325da0c8d131333d63d6c37f27e0a
  md5: b68e8f66b94b44aaa8de4583d3d4cc40
  depends:
  - libzlib >=1.3.1,<2.0a0
  - openssl >=3.5.0,<4.0a0
  license: BSD-3-Clause
  license_family: BSD
  size: 279193
  timestamp: 1745608793272
- conda: https://conda.anaconda.org/conda-forge/osx-arm64/libzlib-1.3.1-h8359307_2.conda
  sha256: ce34669eadaba351cd54910743e6a2261b67009624dbc7daeeafdef93616711b
  md5: 369964e85dc26bfe78f41399b366c435
  depends:
  - __osx >=11.0
  constrains:
  - zlib 1.3.1 *_2
  license: Zlib
  license_family: Other
  size: 46438
  timestamp: 1727963202283
- conda: https://conda.anaconda.org/conda-forge/osx-arm64/llvm-openmp-20.1.7-hdb05f8b_0.conda
  sha256: e7d95b50a90cdc9e0fc38bc37f493a61b9d08164114b562bbd9ff0034f45eca2
  md5: 741e1da0a0798d32e13e3724f2ca2dcf
  depends:
  - __osx >=11.0
  constrains:
  - openmp 20.1.7|20.1.7.*
  license: Apache-2.0 WITH LLVM-exception
  license_family: APACHE
  size: 281996
  timestamp: 1749892286735
- conda: https://conda.anaconda.org/conda-forge/osx-arm64/ncurses-6.5-h5e97a16_3.conda
  sha256: 2827ada40e8d9ca69a153a45f7fd14f32b2ead7045d3bbb5d10964898fe65733
  md5: 068d497125e4bf8a66bf707254fff5ae
  depends:
  - __osx >=11.0
  license: X11 AND BSD-3-Clause
  size: 797030
  timestamp: 1738196177597
- conda: https://conda.anaconda.org/bioconda/noarch/nextflow-25.04.4-h2a3209d_0.tar.bz2
  sha256: 1a82c7a5548c8f3eaead987a532e3c0c4fe90a79e4144c06007582cd1cf7c748
  md5: 3245c141ddfc531a3c5b335807cabaac
  depends:
  - coreutils
  - curl
  - openjdk >=17,<=24
  license: Apache-2.0
  size: 28586570
  timestamp: 1750090759999
- conda: https://conda.anaconda.org/conda-forge/osx-arm64/openjdk-17.0.11-h8f67a1f_1.conda
  sha256: 40de98deb981758ca4eb56866d1e4f8c1cb454dd2fdeb650477c7278e3b576fb
  md5: d4db3a5f52953bff6ea488b75e71cfc4
  depends:
  - libzlib >=1.3.1,<2.0a0
  license: GPL-2.0-or-later WITH Classpath-exception-2.0
  license_family: GPL
  size: 164478241
  timestamp: 1721718503108
- conda: https://conda.anaconda.org/conda-forge/osx-arm64/openssl-3.5.0-h81ee809_1.conda
  sha256: 73d366c1597a10bcd5f3604b5f0734b31c23225536e03782c6a13f9be9d01bff
  md5: 5c7aef00ef60738a14e0e612cfc5bcde
  depends:
  - __osx >=11.0
  - ca-certificates
  license: Apache-2.0
  license_family: Apache
  size: 3064197
  timestamp: 1746223530698
- conda: https://conda.anaconda.org/conda-forge/osx-arm64/perl-5.32.1-7_h4614cfb_perl5.conda
  build_number: 7
  sha256: b0c55040d2994fd6bf2f83786561d92f72306d982d6ea12889acad24a9bf43b8
  md5: ba3cbe93f99e896765422cc5f7c3a79e
  license: GPL-1.0-or-later OR Artistic-1.0-Perl
  size: 14439531
  timestamp: 1703311335652
- conda: https://conda.anaconda.org/conda-forge/osx-arm64/python-3.12.0-h47c9636_0_cpython.conda
  sha256: eb66f8f249caa9d5a956c3a407f079e4779d652ebfc2a4b4f50dcea078e84fa8
  md5: ed8ae98b1b510de68392971b9367d18c
  depends:
  - bzip2 >=1.0.8,<2.0a0
  - libexpat >=2.5.0,<3.0a0
  - libffi >=3.4,<4.0a0
  - libsqlite >=3.43.0,<4.0a0
  - libzlib >=1.2.13,<2.0.0a0
  - ncurses >=6.4,<7.0a0
  - openssl >=3.1.3,<4.0a0
  - readline >=8.2,<9.0a0
  - tk >=8.6.13,<8.7.0a0
  - tzdata
  - xz >=5.2.6,<6.0a0
  constrains:
  - python_abi 3.12.* *_cp312
  license: Python-2.0
  size: 13306758
  timestamp: 1696322682581
- conda: https://conda.anaconda.org/conda-forge/osx-arm64/readline-8.2-h1d1bf99_2.conda
  sha256: 7db04684d3904f6151eff8673270922d31da1eea7fa73254d01c437f49702e34
  md5: 63ef3f6e6d6d5c589e64f11263dc5676
  depends:
  - ncurses >=6.5,<7.0a0
  license: GPL-3.0-only
  license_family: GPL
  size: 252359
  timestamp: 1740379663071
- conda: https://conda.anaconda.org/bioconda/osx-arm64/star-2.7.11b-haf7d672_6.tar.bz2
  sha256: a49b066336c01065f06d33302122d705a119d1660f6a23ca5728d656ef76ef39
  md5: 19846f2d5813ebc2166359ba993bca45
  depends:
  - htslib >=1.21
  - htslib >=1.21,<1.22.0a0
  - libcxx >=18
  - libzlib >=1.3.1,<2.0a0
  - llvm-openmp >=18.1.8
  license: GPL-3.0-or-later
  license_family: GPL3
  size: 1336990
  timestamp: 1745703483135
- conda: https://conda.anaconda.org/conda-forge/osx-arm64/tk-8.6.13-h892fb3f_2.conda
  sha256: cb86c522576fa95c6db4c878849af0bccfd3264daf0cc40dd18e7f4a7bfced0e
  md5: 7362396c170252e7b7b0c8fb37fe9c78
  depends:
  - __osx >=11.0
  - libzlib >=1.3.1,<2.0a0
  license: TCL
  license_family: BSD
  size: 3125538
  timestamp: 1748388189063
- conda: https://conda.anaconda.org/conda-forge/osx-arm64/tree-2.2.1-h5505292_0.conda
  sha256: 4be2d441ebafd9cc589f177b5169967a32e951850ca70735293ec25856376d3d
  md5: 689cc78a219d5b123c7e336fac932aef
  depends:
  - __osx >=11.0
  license: GPL-2.0-only
  license_family: GPL
  size: 51885
  timestamp: 1733474210144
- conda: https://conda.anaconda.org/conda-forge/noarch/tzdata-2025b-h78e105d_0.conda
  sha256: 5aaa366385d716557e365f0a4e9c3fca43ba196872abbbe3d56bb610d131e192
  md5: 4222072737ccff51314b5ece9c7d6f5a
  license: LicenseRef-Public-Domain
  size: 122968
  timestamp: 1742727099393
- conda: https://conda.anaconda.org/conda-forge/osx-arm64/xz-5.8.1-h9a6d368_2.conda
  sha256: afb747cf017b67cc31d54c6e6c4bd1b1e179fe487a3d23a856232ed7fd0b099b
  md5: 39435c82e5a007ef64cbb153ecc40cfd
  depends:
  - __osx >=11.0
  - liblzma 5.8.1 h39f12f2_2
  - liblzma-devel 5.8.1 h39f12f2_2
  - xz-gpl-tools 5.8.1 h9a6d368_2
  - xz-tools 5.8.1 h39f12f2_2
  license: 0BSD AND LGPL-2.1-or-later AND GPL-2.0-or-later
  size: 23995
  timestamp: 1749230346887
- conda: https://conda.anaconda.org/conda-forge/osx-arm64/xz-gpl-tools-5.8.1-h9a6d368_2.conda
  sha256: a0790cfb48d240e7b655b0d797a00040219cf39e3ee38e2104e548515df4f9c2
  md5: 09b1442c1d49ac7c5f758c44695e77d1
  depends:
  - __osx >=11.0
  - liblzma 5.8.1 h39f12f2_2
  constrains:
  - xz 5.8.1.*
  license: 0BSD AND LGPL-2.1-or-later AND GPL-2.0-or-later
  size: 34103
  timestamp: 1749230329933
- conda: https://conda.anaconda.org/conda-forge/osx-arm64/xz-tools-5.8.1-h39f12f2_2.conda
  sha256: 9d1232705e3d175f600dc8e344af9182d0341cdaa73d25330591a28532951063
  md5: 37996935aa33138fca43e4b4563b6a28
  depends:
  - __osx >=11.0
  - liblzma 5.8.1 h39f12f2_2
  constrains:
  - xz 5.8.1.*
  license: 0BSD AND LGPL-2.1-or-later
  size: 86425
  timestamp: 1749230316106
- conda: https://conda.anaconda.org/conda-forge/osx-arm64/zstd-1.5.7-h6491c7d_2.conda
  sha256: 0d02046f57f7a1a3feae3e9d1aa2113788311f3cf37a3244c71e61a93177ba67
  md5: e6f69c7bcccdefa417f056fa593b40f0
  depends:
  - __osx >=11.0
  - libzlib >=1.3.1,<2.0a0
  license: BSD-3-Clause
  license_family: BSD
  size: 399979
  timestamp: 1742433432699
